
Microsoft Visual Studio Solution File, Format Version 12.00
# Visual Studio 15
VisualStudioVersion = 15.0.27004.2005
MinimumVisualStudioVersion = 10.0.40219.1
Project("{FAE04EC0-301F-11D3-BF4B-00C04F79EFBC}") = "Allahindluse programm", "Allahindluse programm\Allahindluse programm.csproj", "{6C16ED94-F924-4AA0-82BE-066E93635546}"
EndProject
Global
	GlobalSection(SolutionConfigurationPlatforms) = preSolution
		Debug|Any CPU = Debug|Any CPU
		Release|Any CPU = Release|Any CPU
	EndGlobalSection
	GlobalSection(ProjectConfigurationPlatforms) = postSolution
		{6C16ED94-F924-4AA0-82BE-066E93635546}.Debug|Any CPU.ActiveCfg = Debug|Any CPU
		{6C16ED94-F924-4AA0-82BE-066E93635546}.Debug|Any CPU.Build.0 = Debug|Any CPU
		{6C16ED94-F924-4AA0-82BE-066E93635546}.Release|Any CPU.ActiveCfg = Release|Any CPU
		{6C16ED94-F924-4AA0-82BE-066E93635546}.Release|Any CPU.Build.0 = Release|Any CPU
	EndGlobalSection
	GlobalSection(SolutionProperties) = preSolution
		HideSolutionNode = FALSE
	EndGlobalSection
	GlobalSection(ExtensibilityGlobals) = postSolution
		SolutionGuid = {5F59F533-4F14-43CC-AA4E-DCE879FD63AA}
	EndGlobalSection
EndGlobal
