
Microsoft Visual Studio Solution File, Format Version 12.00
# Visual Studio 15
VisualStudioVersion = 15.0.27004.2005
MinimumVisualStudioVersion = 10.0.40219.1
Project("{FAE04EC0-301F-11D3-BF4B-00C04F79EFBC}") = "Exercise03-01", "Exercise03-01\Exercise03-01.csproj", "{020CB9E7-97D2-4CDC-B0FD-6CB8017DDEBA}"
EndProject
Global
	GlobalSection(SolutionConfigurationPlatforms) = preSolution
		Debug|Any CPU = Debug|Any CPU
		Release|Any CPU = Release|Any CPU
	EndGlobalSection
	GlobalSection(ProjectConfigurationPlatforms) = postSolution
		{020CB9E7-97D2-4CDC-B0FD-6CB8017DDEBA}.Debug|Any CPU.ActiveCfg = Debug|Any CPU
		{020CB9E7-97D2-4CDC-B0FD-6CB8017DDEBA}.Debug|Any CPU.Build.0 = Debug|Any CPU
		{020CB9E7-97D2-4CDC-B0FD-6CB8017DDEBA}.Release|Any CPU.ActiveCfg = Release|Any CPU
		{020CB9E7-97D2-4CDC-B0FD-6CB8017DDEBA}.Release|Any CPU.Build.0 = Release|Any CPU
	EndGlobalSection
	GlobalSection(SolutionProperties) = preSolution
		HideSolutionNode = FALSE
	EndGlobalSection
	GlobalSection(ExtensibilityGlobals) = postSolution
		SolutionGuid = {F52EE1B9-212A-417A-BE2D-C3B48B422A22}
	EndGlobalSection
EndGlobal
